{
  "name": "react-jss",
  "version": "7.2.0",
  "lockfileVersion": 1,
  "dependencies": {
    "hoist-non-react-statics": "^1.2.0",
    "jss": "^8.1.0",
    "jss-preset-default": "^3.0.0",
    "prop-types": "^15.5.8",
    "theming": "^1.1.0"
  },
  "lint-staged": {
    "src/*.js": [
      "eslint --fix",
      "git add"
    ]
  },
  "pre-commit": "lint:staged"
}
